
Microsoft Visual Studio Solution File, Format Version 12.00
# Visual Studio Version 16
VisualStudioVersion = 16.0.31005.135
MinimumVisualStudioVersion = 10.0.40219.1
Project("{9A19103F-16F7-4668-BE54-9A1E7A4F7556}") = "MedicineTracker", "MedicineTracker\DoToo\MedicineTracker.csproj", "{3FE0928C-52CA-4CE0-844F-C0D6FAA8A736}"
EndProject
Project("{FAE04EC0-301F-11D3-BF4B-00C04F79EFBC}") = "MedicineTracker.Android", "MedicineTracker\DoToo.Android\MedicineTracker.Android.csproj", "{228EAAFD-9DF6-40F5-8674-EBA12852B538}"
EndProject
Project("{FAE04EC0-301F-11D3-BF4B-00C04F79EFBC}") = "MedicineTracker.iOS", "MedicineTracker\DoToo.iOS\MedicineTracker.iOS.csproj", "{5F270664-529E-4B32-A851-9A77E40BF9BF}"
EndProject
Project("{FAE04EC0-301F-11D3-BF4B-00C04F79EFBC}") = "MedicineTracker.UWP", "MedicineTracker\DoToo.UWP\MedicineTracker.UWP.csproj", "{80DD91FB-1BCF-4E0D-B72E-C002E0376477}"
EndProject
Global
	GlobalSection(SolutionConfigurationPlatforms) = preSolution
		Debug|Any CPU = Debug|Any CPU
		Debug|ARM = Debug|ARM
		Debug|iPhone = Debug|iPhone
		Debug|iPhoneSimulator = Debug|iPhoneSimulator
		Debug|x64 = Debug|x64
		Debug|x86 = Debug|x86
		Release|Any CPU = Release|Any CPU
		Release|ARM = Release|ARM
		Release|iPhone = Release|iPhone
		Release|iPhoneSimulator = Release|iPhoneSimulator
		Release|x64 = Release|x64
		Release|x86 = Release|x86
	EndGlobalSection
	GlobalSection(ProjectConfigurationPlatforms) = postSolution
		{3FE0928C-52CA-4CE0-844F-C0D6FAA8A736}.Debug|Any CPU.ActiveCfg = Debug|Any CPU
		{3FE0928C-52CA-4CE0-844F-C0D6FAA8A736}.Debug|Any CPU.Build.0 = Debug|Any CPU
		{3FE0928C-52CA-4CE0-844F-C0D6FAA8A736}.Debug|ARM.ActiveCfg = Debug|Any CPU
		{3FE0928C-52CA-4CE0-844F-C0D6FAA8A736}.Debug|ARM.Build.0 = Debug|Any CPU
		{3FE0928C-52CA-4CE0-844F-C0D6FAA8A736}.Debug|iPhone.ActiveCfg = Debug|Any CPU
		{3FE0928C-52CA-4CE0-844F-C0D6FAA8A736}.Debug|iPhone.Build.0 = Debug|Any CPU
		{3FE0928C-52CA-4CE0-844F-C0D6FAA8A736}.Debug|iPhoneSimulator.ActiveCfg = Debug|Any CPU
		{3FE0928C-52CA-4CE0-844F-C0D6FAA8A736}.Debug|iPhoneSimulator.Build.0 = Debug|Any CPU
		{3FE0928C-52CA-4CE0-844F-C0D6FAA8A736}.Debug|x64.ActiveCfg = Debug|Any CPU
		{3FE0928C-52CA-4CE0-844F-C0D6FAA8A736}.Debug|x64.Build.0 = Debug|Any CPU
		{3FE0928C-52CA-4CE0-844F-C0D6FAA8A736}.Debug|x86.ActiveCfg = Debug|Any CPU
		{3FE0928C-52CA-4CE0-844F-C0D6FAA8A736}.Debug|x86.Build.0 = Debug|Any CPU
		{3FE0928C-52CA-4CE0-844F-C0D6FAA8A736}.Release|Any CPU.ActiveCfg = Release|Any CPU
		{3FE0928C-52CA-4CE0-844F-C0D6FAA8A736}.Release|Any CPU.Build.0 = Release|Any CPU
		{3FE0928C-52CA-4CE0-844F-C0D6FAA8A736}.Release|ARM.ActiveCfg = Release|Any CPU
		{3FE0928C-52CA-4CE0-844F-C0D6FAA8A736}.Release|ARM.Build.0 = Release|Any CPU
		{3FE0928C-52CA-4CE0-844F-C0D6FAA8A736}.Release|iPhone.ActiveCfg = Release|Any CPU
		{3FE0928C-52CA-4CE0-844F-C0D6FAA8A736}.Release|iPhone.Build.0 = Release|Any CPU
		{3FE0928C-52CA-4CE0-844F-C0D6FAA8A736}.Release|iPhoneSimulator.ActiveCfg = Release|Any CPU
		{3FE0928C-52CA-4CE0-844F-C0D6FAA8A736}.Release|iPhoneSimulator.Build.0 = Release|Any CPU
		{3FE0928C-52CA-4CE0-844F-C0D6FAA8A736}.Release|x64.ActiveCfg = Release|Any CPU
		{3FE0928C-52CA-4CE0-844F-C0D6FAA8A736}.Release|x64.Build.0 = Release|Any CPU
		{3FE0928C-52CA-4CE0-844F-C0D6FAA8A736}.Release|x86.ActiveCfg = Release|Any CPU
		{3FE0928C-52CA-4CE0-844F-C0D6FAA8A736}.Release|x86.Build.0 = Release|Any CPU
		{228EAAFD-9DF6-40F5-8674-EBA12852B538}.Debug|Any CPU.ActiveCfg = Debug|Any CPU
		{228EAAFD-9DF6-40F5-8674-EBA12852B538}.Debug|Any CPU.Build.0 = Debug|Any CPU
		{228EAAFD-9DF6-40F5-8674-EBA12852B538}.Debug|Any CPU.Deploy.0 = Debug|Any CPU
		{228EAAFD-9DF6-40F5-8674-EBA12852B538}.Debug|ARM.ActiveCfg = Debug|Any CPU
		{228EAAFD-9DF6-40F5-8674-EBA12852B538}.Debug|ARM.Build.0 = Debug|Any CPU
		{228EAAFD-9DF6-40F5-8674-EBA12852B538}.Debug|ARM.Deploy.0 = Debug|Any CPU
		{228EAAFD-9DF6-40F5-8674-EBA12852B538}.Debug|iPhone.ActiveCfg = Debug|Any CPU
		{228EAAFD-9DF6-40F5-8674-EBA12852B538}.Debug|iPhone.Build.0 = Debug|Any CPU
		{228EAAFD-9DF6-40F5-8674-EBA12852B538}.Debug|iPhone.Deploy.0 = Debug|Any CPU
		{228EAAFD-9DF6-40F5-8674-EBA12852B538}.Debug|iPhoneSimulator.ActiveCfg = Debug|Any CPU
		{228EAAFD-9DF6-40F5-8674-EBA12852B538}.Debug|iPhoneSimulator.Build.0 = Debug|Any CPU
		{228EAAFD-9DF6-40F5-8674-EBA12852B538}.Debug|iPhoneSimulator.Deploy.0 = Debug|Any CPU
		{228EAAFD-9DF6-40F5-8674-EBA12852B538}.Debug|x64.ActiveCfg = Debug|Any CPU
		{228EAAFD-9DF6-40F5-8674-EBA12852B538}.Debug|x64.Build.0 = Debug|Any CPU
		{228EAAFD-9DF6-40F5-8674-EBA12852B538}.Debug|x64.Deploy.0 = Debug|Any CPU
		{228EAAFD-9DF6-40F5-8674-EBA12852B538}.Debug|x86.ActiveCfg = Debug|Any CPU
		{228EAAFD-9DF6-40F5-8674-EBA12852B538}.Debug|x86.Build.0 = Debug|Any CPU
		{228EAAFD-9DF6-40F5-8674-EBA12852B538}.Debug|x86.Deploy.0 = Debug|Any CPU
		{228EAAFD-9DF6-40F5-8674-EBA12852B538}.Release|Any CPU.ActiveCfg = Release|Any CPU
		{228EAAFD-9DF6-40F5-8674-EBA12852B538}.Release|Any CPU.Build.0 = Release|Any CPU
		{228EAAFD-9DF6-40F5-8674-EBA12852B538}.Release|Any CPU.Deploy.0 = Release|Any CPU
		{228EAAFD-9DF6-40F5-8674-EBA12852B538}.Release|ARM.ActiveCfg = Release|Any CPU
		{228EAAFD-9DF6-40F5-8674-EBA12852B538}.Release|ARM.Build.0 = Release|Any CPU
		{228EAAFD-9DF6-40F5-8674-EBA12852B538}.Release|ARM.Deploy.0 = Release|Any CPU
		{228EAAFD-9DF6-40F5-8674-EBA12852B538}.Release|iPhone.ActiveCfg = Release|Any CPU
		{228EAAFD-9DF6-40F5-8674-EBA12852B538}.Release|iPhone.Build.0 = Release|Any CPU
		{228EAAFD-9DF6-40F5-8674-EBA12852B538}.Release|iPhone.Deploy.0 = Release|Any CPU
		{228EAAFD-9DF6-40F5-8674-EBA12852B538}.Release|iPhoneSimulator.ActiveCfg = Release|Any CPU
		{228EAAFD-9DF6-40F5-8674-EBA12852B538}.Release|iPhoneSimulator.Build.0 = Release|Any CPU
		{228EAAFD-9DF6-40F5-8674-EBA12852B538}.Release|iPhoneSimulator.Deploy.0 = Release|Any CPU
		{228EAAFD-9DF6-40F5-8674-EBA12852B538}.Release|x64.ActiveCfg = Release|Any CPU
		{228EAAFD-9DF6-40F5-8674-EBA12852B538}.Release|x64.Build.0 = Release|Any CPU
		{228EAAFD-9DF6-40F5-8674-EBA12852B538}.Release|x64.Deploy.0 = Release|Any CPU
		{228EAAFD-9DF6-40F5-8674-EBA12852B538}.Release|x86.ActiveCfg = Release|Any CPU
		{228EAAFD-9DF6-40F5-8674-EBA12852B538}.Release|x86.Build.0 = Release|Any CPU
		{228EAAFD-9DF6-40F5-8674-EBA12852B538}.Release|x86.Deploy.0 = Release|Any CPU
		{5F270664-529E-4B32-A851-9A77E40BF9BF}.Debug|Any CPU.ActiveCfg = Debug|iPhoneSimulator
		{5F270664-529E-4B32-A851-9A77E40BF9BF}.Debug|ARM.ActiveCfg = Debug|iPhoneSimulator
		{5F270664-529E-4B32-A851-9A77E40BF9BF}.Debug|iPhone.ActiveCfg = Debug|iPhone
		{5F270664-529E-4B32-A851-9A77E40BF9BF}.Debug|iPhone.Build.0 = Debug|iPhone
		{5F270664-529E-4B32-A851-9A77E40BF9BF}.Debug|iPhoneSimulator.ActiveCfg = Debug|iPhoneSimulator
		{5F270664-529E-4B32-A851-9A77E40BF9BF}.Debug|iPhoneSimulator.Build.0 = Debug|iPhoneSimulator
		{5F270664-529E-4B32-A851-9A77E40BF9BF}.Debug|x64.ActiveCfg = Debug|iPhoneSimulator
		{5F270664-529E-4B32-A851-9A77E40BF9BF}.Debug|x86.ActiveCfg = Debug|iPhoneSimulator
		{5F270664-529E-4B32-A851-9A77E40BF9BF}.Release|Any CPU.ActiveCfg = Release|iPhoneSimulator
		{5F270664-529E-4B32-A851-9A77E40BF9BF}.Release|ARM.ActiveCfg = Release|iPhoneSimulator
		{5F270664-529E-4B32-A851-9A77E40BF9BF}.Release|iPhone.ActiveCfg = Release|iPhone
		{5F270664-529E-4B32-A851-9A77E40BF9BF}.Release|iPhone.Build.0 = Release|iPhone
		{5F270664-529E-4B32-A851-9A77E40BF9BF}.Release|iPhoneSimulator.ActiveCfg = Release|iPhoneSimulator
		{5F270664-529E-4B32-A851-9A77E40BF9BF}.Release|iPhoneSimulator.Build.0 = Release|iPhoneSimulator
		{5F270664-529E-4B32-A851-9A77E40BF9BF}.Release|x64.ActiveCfg = Release|iPhoneSimulator
		{5F270664-529E-4B32-A851-9A77E40BF9BF}.Release|x86.ActiveCfg = Release|iPhoneSimulator
		{80DD91FB-1BCF-4E0D-B72E-C002E0376477}.Debug|Any CPU.ActiveCfg = Debug|x86
		{80DD91FB-1BCF-4E0D-B72E-C002E0376477}.Debug|ARM.ActiveCfg = Debug|ARM
		{80DD91FB-1BCF-4E0D-B72E-C002E0376477}.Debug|ARM.Build.0 = Debug|ARM
		{80DD91FB-1BCF-4E0D-B72E-C002E0376477}.Debug|ARM.Deploy.0 = Debug|ARM
		{80DD91FB-1BCF-4E0D-B72E-C002E0376477}.Debug|iPhone.ActiveCfg = Debug|x86
		{80DD91FB-1BCF-4E0D-B72E-C002E0376477}.Debug|iPhoneSimulator.ActiveCfg = Debug|x86
		{80DD91FB-1BCF-4E0D-B72E-C002E0376477}.Debug|x64.ActiveCfg = Debug|x64
		{80DD91FB-1BCF-4E0D-B72E-C002E0376477}.Debug|x64.Build.0 = Debug|x64
		{80DD91FB-1BCF-4E0D-B72E-C002E0376477}.Debug|x64.Deploy.0 = Debug|x64
		{80DD91FB-1BCF-4E0D-B72E-C002E0376477}.Debug|x86.ActiveCfg = Debug|x86
		{80DD91FB-1BCF-4E0D-B72E-C002E0376477}.Debug|x86.Build.0 = Debug|x86
		{80DD91FB-1BCF-4E0D-B72E-C002E0376477}.Debug|x86.Deploy.0 = Debug|x86
		{80DD91FB-1BCF-4E0D-B72E-C002E0376477}.Release|Any CPU.ActiveCfg = Release|x86
		{80DD91FB-1BCF-4E0D-B72E-C002E0376477}.Release|ARM.ActiveCfg = Release|ARM
		{80DD91FB-1BCF-4E0D-B72E-C002E0376477}.Release|ARM.Build.0 = Release|ARM
		{80DD91FB-1BCF-4E0D-B72E-C002E0376477}.Release|ARM.Deploy.0 = Release|ARM
		{80DD91FB-1BCF-4E0D-B72E-C002E0376477}.Release|iPhone.ActiveCfg = Release|x86
		{80DD91FB-1BCF-4E0D-B72E-C002E0376477}.Release|iPhoneSimulator.ActiveCfg = Release|x86
		{80DD91FB-1BCF-4E0D-B72E-C002E0376477}.Release|x64.ActiveCfg = Release|x64
		{80DD91FB-1BCF-4E0D-B72E-C002E0376477}.Release|x64.Build.0 = Release|x64
		{80DD91FB-1BCF-4E0D-B72E-C002E0376477}.Release|x64.Deploy.0 = Release|x64
		{80DD91FB-1BCF-4E0D-B72E-C002E0376477}.Release|x86.ActiveCfg = Release|x86
		{80DD91FB-1BCF-4E0D-B72E-C002E0376477}.Release|x86.Build.0 = Release|x86
		{80DD91FB-1BCF-4E0D-B72E-C002E0376477}.Release|x86.Deploy.0 = Release|x86
	EndGlobalSection
	GlobalSection(SolutionProperties) = preSolution
		HideSolutionNode = FALSE
	EndGlobalSection
	GlobalSection(ExtensibilityGlobals) = postSolution
		SolutionGuid = {BF602314-79B9-463A-9086-CD22591E4578}
	EndGlobalSection
EndGlobal
